{
  "nodes": {
    "flake-compat": {
      "locked": {
        "lastModified": 1733328505,
        "narHash": "sha256-NeCCThCEP3eCl2l/+27kNNK7QrwZB1IJCrXfrbv5oqU=",
        "rev": "ff81ac966bb2cae68946d5ed5fc4994f96d0ffec",
        "revCount": 69,
        "type": "tarball",
        "url": "https://api.flakehub.com/f/pinned/edolstra/flake-compat/1.1.0/01948eb7-9cba-704f-bbf3-3fa956735b52/source.tar.gz"
      },
      "original": {
        "type": "tarball",
        "url": "https://flakehub.com/f/edolstra/flake-compat/1.tar.gz"
      }
    },
    "flake-parts": {
      "inputs": {
        "nixpkgs-lib": "nixpkgs-lib"
      },
      "locked": {
        "lastModified": 1765835352,
        "narHash": "sha256-XswHlK/Qtjasvhd1nOa1e8MgZ8GS//jBoTqWtrS1Giw=",
        "owner": "hercules-ci",
        "repo": "flake-parts",
        "rev": "a34fae9c08a15ad73f295041fec82323541400a9",
        "type": "github"
      },
      "original": {
        "owner": "hercules-ci",
        "repo": "flake-parts",
        "type": "github"
      }
    },
    "nixpkgs": {
      "locked": {
        "lastModified": 1765779637,
        "narHash": "sha256-KJ2wa/BLSrTqDjbfyNx70ov/HdgNBCBBSQP3BIzKnv4=",
        "owner": "NixOS",
        "repo": "nixpkgs",
        "rev": "1306659b587dc277866c7b69eb97e5f07864d8c4",
        "type": "github"
      },
      "original": {
        "owner": "NixOS",
        "ref": "nixos-unstable",
        "repo": "nixpkgs",
        "type": "github"
      }
    },
    "nixpkgs-lib": {
      "locked": {
        "lastModified": 1765674936,
        "narHash": "sha256-k00uTP4JNfmejrCLJOwdObYC9jHRrr/5M/a/8L2EIdo=",
        "owner": "nix-community",
        "repo": "nixpkgs.lib",
        "rev": "2075416fcb47225d9b68ac469a5c4801a9c4dd85",
        "type": "github"
      },
      "original": {
        "owner": "nix-community",
        "repo": "nixpkgs.lib",
        "type": "github"
      }
    },
    "nixpkgs-stable": {
      "locked": {
        "lastModified": 1766014764,
        "narHash": "sha256-+73VffE5GP5fvbib6Hs1Su6LehG+9UV1Kzs90T2gBLA=",
        "owner": "NixOS",
        "repo": "nixpkgs",
        "rev": "2b0d2b456e4e8452cf1c16d00118d145f31160f9",
        "type": "github"
      },
      "original": {
        "owner": "NixOS",
        "ref": "nixos-25.05",
        "repo": "nixpkgs",
        "type": "github"
      }
    },
    "pkgs-by-name-for-flake-parts": {
      "locked": {
        "lastModified": 1743779435,
        "narHash": "sha256-5eaQ3iKcwUbLw7pOJJqV85qgf5L+ihfsISrifGM7czQ=",
        "owner": "drupol",
        "repo": "pkgs-by-name-for-flake-parts",
        "rev": "477b3e8f981e3d7bac9d297e64796c918942f744",
        "type": "github"
      },
      "original": {
        "owner": "drupol",
        "repo": "pkgs-by-name-for-flake-parts",
        "type": "github"
      }
    },
    "root": {
      "inputs": {
        "flake-compat": "flake-compat",
        "flake-parts": "flake-parts",
        "nixpkgs": "nixpkgs",
        "nixpkgs-stable": "nixpkgs-stable",
        "pkgs-by-name-for-flake-parts": "pkgs-by-name-for-flake-parts",
        "systems": "systems"
      }
    },
    "systems": {
      "locked": {
        "lastModified": 1752412590,
        "narHash": "sha256-cuN68pxsh41k/uHlO5CfHyqiqPJhAIgZk0xPNE/2MjE=",
        "owner": "Moraxyc",
        "repo": "nix-systems",
        "rev": "b84721dd32de3875986c6df7ef8a58d04e42a5f3",
        "type": "github"
      },
      "original": {
        "owner": "Moraxyc",
        "repo": "nix-systems",
        "type": "github"
      }
    }
  },
  "root": "root",
  "version": 7
}
